// !$*UTF8*$!
{
	archiveVersion = 1;
	classes = {
	};
	objectVersion = 46;
	objects = {

/* Begin PBXBuildFile section */
		3E37D67B1AE757E10066B5D3 /* main.m in Sources */ = {isa = PBXBuildFile; fileRef = 3E37D67A1AE757E10066B5D3 /* main.m */; };
		3E37D67E1AE757E10066B5D3 /* AppDelegate.m in Sources */ = {isa = PBXBuildFile; fileRef = 3E37D67D1AE757E10066B5D3 /* AppDelegate.m */; };
		3E37D6811AE757E10066B5D3 /* ViewController.m in Sources */ = {isa = PBXBuildFile; fileRef = 3E37D6801AE757E10066B5D3 /* ViewController.m */; };
		3E37D6841AE757E10066B5D3 /* Main.storyboard in Resources */ = {isa = PBXBuildFile; fileRef = 3E37D6821AE757E10066B5D3 /* Main.storyboard */; };
		3E37D6861AE757E10066B5D3 /* Images.xcassets in Resources */ = {isa = PBXBuildFile; fileRef = 3E37D6851AE757E10066B5D3 /* Images.xcassets */; };
		3E37D6891AE757E10066B5D3 /* LaunchScreen.xib in Resources */ = {isa = PBXBuildFile; fileRef = 3E37D6871AE757E10066B5D3 /* LaunchScreen.xib */; };
		3E37D6951AE757E10066B5D3 /* WrapCPPTests.m in Sources */ = {isa = PBXBuildFile; fileRef = 3E37D6941AE757E10066B5D3 /* WrapCPPTests.m */; };
		3E37D6B01AE885380066B5D3 /* Cpp.cpp in Sources */ = {isa = PBXBuildFile; fileRef = 3E37D6AC1AE885380066B5D3 /* Cpp.cpp */; };
		3E37D6B11AE885380066B5D3 /* CppWrapper.m in Sources */ = {isa = PBXBuildFile; fileRef = 3E37D6AF1AE885380066B5D3 /* CppWrapper.m */; };
/* End PBXBuildFile section */

/* Begin PBXContainerItemProxy section */
		3E37D68F1AE757E10066B5D3 /* PBXContainerItemProxy */ = {
			isa = PBXContainerItemProxy;
			containerPortal = 3E37D66D1AE757E10066B5D3 /* Project object */;
			proxyType = 1;
			remoteGlobalIDString = 3E37D6741AE757E10066B5D3;
			remoteInfo = WrapCPP;
		};
/* End PBXContainerItemProxy section */

/* Begin PBXFileReference section */
		3E37D6751AE757E10066B5D3 /* WrapCPP.app */ = {isa = PBXFileReference; explicitFileType = wrapper.application; includeInIndex = 0; path = WrapCPP.app; sourceTree = BUILT_PRODUCTS_DIR; };
		3E37D6791AE757E10066B5D3 /* Info.plist */ = {isa = PBXFileReference; lastKnownFileType = text.plist.xml; path = Info.plist; sourceTree = "<group>"; };
		3E37D67A1AE757E10066B5D3 /* main.m */ = {isa = PBXFileReference; lastKnownFileType = sourcecode.c.objc; path = main.m; sourceTree = "<group>"; };
		3E37D67C1AE757E10066B5D3 /* AppDelegate.h */ = {isa = PBXFileReference; lastKnownFileType = sourcecode.c.h; path = AppDelegate.h; sourceTree = "<group>"; };
		3E37D67D1AE757E10066B5D3 /* AppDelegate.m */ = {isa = PBXFileReference; lastKnownFileType = sourcecode.c.objc; path = AppDelegate.m; sourceTree = "<group>"; };
		3E37D67F1AE757E10066B5D3 /* ViewController.h */ = {isa = PBXFileReference; lastKnownFileType = sourcecode.c.h; path = ViewController.h; sourceTree = "<group>"; };
		3E37D6801AE757E10066B5D3 /* ViewController.m */ = {isa = PBXFileReference; lastKnownFileType = sourcecode.c.objc; path = ViewController.m; sourceTree = "<group>"; };
		3E37D6831AE757E10066B5D3 /* Base */ = {isa = PBXFileReference; lastKnownFileType = file.storyboard; name = Base; path = Base.lproj/Main.storyboard; sourceTree = "<group>"; };
		3E37D6851AE757E10066B5D3 /* Images.xcassets */ = {isa = PBXFileReference; lastKnownFileType = folder.assetcatalog; path = Images.xcassets; sourceTree = "<group>"; };
		3E37D6881AE757E10066B5D3 /* Base */ = {isa = PBXFileReference; lastKnownFileType = file.xib; name = Base; path = Base.lproj/LaunchScreen.xib; sourceTree = "<group>"; };
		3E37D68E1AE757E10066B5D3 /* WrapCPPTests.xctest */ = {isa = PBXFileReference; explicitFileType = wrapper.cfbundle; includeInIndex = 0; path = WrapCPPTests.xctest; sourceTree = BUILT_PRODUCTS_DIR; };
		3E37D6931AE757E10066B5D3 /* Info.plist */ = {isa = PBXFileReference; lastKnownFileType = text.plist.xml; path = Info.plist; sourceTree = "<group>"; };
		3E37D6941AE757E10066B5D3 /* WrapCPPTests.m */ = {isa = PBXFileReference; lastKnownFileType = sourcecode.c.objc; path = WrapCPPTests.m; sourceTree = "<group>"; };
		3E37D6AC1AE885380066B5D3 /* Cpp.cpp */ = {isa = PBXFileReference; fileEncoding = 4; lastKnownFileType = sourcecode.cpp.cpp; path = Cpp.cpp; sourceTree = "<group>"; };
		3E37D6AD1AE885380066B5D3 /* Cpp.h */ = {isa = PBXFileReference; fileEncoding = 4; lastKnownFileType = sourcecode.c.h; path = Cpp.h; sourceTree = "<group>"; };
		3E37D6AE1AE885380066B5D3 /* CppWrapper.h */ = {isa = PBXFileReference; fileEncoding = 4; lastKnownFileType = sourcecode.c.h; path = CppWrapper.h; sourceTree = "<group>"; };
		3E37D6AF1AE885380066B5D3 /* CppWrapper.m */ = {isa = PBXFileReference; fileEncoding = 4; lastKnownFileType = sourcecode.c.objc; path = CppWrapper.m; sourceTree = "<group>"; };
/* End PBXFileReference section */

/* Begin PBXFrameworksBuildPhase section */
		3E37D6721AE757E10066B5D3 /* Frameworks */ = {
			isa = PBXFrameworksBuildPhase;
			buildActionMask = 2147483647;
			files = (
			);
			runOnlyForDeploymentPostprocessing = 0;
		};
		3E37D68B1AE757E10066B5D3 /* Frameworks */ = {
			isa = PBXFrameworksBuildPhase;
			buildActionMask = 2147483647;
			files = (
			);
			runOnlyForDeploymentPostprocessing = 0;
		};
/* End PBXFrameworksBuildPhase section */

/* Begin PBXGroup section */
		3E37D66C1AE757E10066B5D3 = {
			isa = PBXGroup;
			children = (
				3E37D6771AE757E10066B5D3 /* WrapCPP */,
				3E37D6911AE757E10066B5D3 /* WrapCPPTests */,
				3E37D6761AE757E10066B5D3 /* Products */,
			);
			sourceTree = "<group>";
		};
		3E37D6761AE757E10066B5D3 /* Products */ = {
			isa = PBXGroup;
			children = (
				3E37D6751AE757E10066B5D3 /* WrapCPP.app */,
				3E37D68E1AE757E10066B5D3 /* WrapCPPTests.xctest */,
			);
			name = Products;
			sourceTree = "<group>";
		};
		3E37D6771AE757E10066B5D3 /* WrapCPP */ = {
			isa = PBXGroup;
			children = (
				3E37D6AC1AE885380066B5D3 /* Cpp.cpp */,
				3E37D6AD1AE885380066B5D3 /* Cpp.h */,
				3E37D6AE1AE885380066B5D3 /* CppWrapper.h */,
				3E37D6AF1AE885380066B5D3 /* CppWrapper.m */,
				3E37D67C1AE757E10066B5D3 /* AppDelegate.h */,
				3E37D67D1AE757E10066B5D3 /* AppDelegate.m */,
				3E37D67F1AE757E10066B5D3 /* ViewController.h */,
				3E37D6801AE757E10066B5D3 /* ViewController.m */,
				3E37D6821AE757E10066B5D3 /* Main.storyboard */,
				3E37D6851AE757E10066B5D3 /* Images.xcassets */,
				3E37D6871AE757E10066B5D3 /* LaunchScreen.xib */,
				3E37D6781AE757E10066B5D3 /* Supporting Files */,
			);
			path = WrapCPP;
			sourceTree = "<group>";
		};
		3E37D6781AE757E10066B5D3 /* Supporting Files */ = {
			isa = PBXGroup;
			children = (
				3E37D6791AE757E10066B5D3 /* Info.plist */,
				3E37D67A1AE757E10066B5D3 /* main.m */,
			);
			name = "Supporting Files";
			sourceTree = "<group>";
		};
		3E37D6911AE757E10066B5D3 /* WrapCPPTests */ = {
			isa = PBXGroup;
			children = (
				3E37D6941AE757E10066B5D3 /* WrapCPPTests.m */,
				3E37D6921AE757E10066B5D3 /* Supporting Files */,
			);
			path = WrapCPPTests;
			sourceTree = "<group>";
		};
		3E37D6921AE757E10066B5D3 /* Supporting Files */ = {
			isa = PBXGroup;
			children = (
				3E37D6931AE757E10066B5D3 /* Info.plist */,
			);
			name = "Supporting Files";
			sourceTree = "<group>";
		};
/* End PBXGroup section */

/* Begin PBXNativeTarget section */
		3E37D6741AE757E10066B5D3 /* WrapCPP */ = {
			isa = PBXNativeTarget;
			buildConfigurationList = 3E37D6981AE757E10066B5D3 /* Build configuration list for PBXNativeTarget "WrapCPP" */;
			buildPhases = (
				3E37D6711AE757E10066B5D3 /* Sources */,
				3E37D6721AE757E10066B5D3 /* Frameworks */,
				3E37D6731AE757E10066B5D3 /* Resources */,
			);
			buildRules = (
			);
			dependencies = (
			);
			name = WrapCPP;
			productName = WrapCPP;
			productReference = 3E37D6751AE757E10066B5D3 /* WrapCPP.app */;
			productType = "com.apple.product-type.application";
		};
		3E37D68D1AE757E10066B5D3 /* WrapCPPTests */ = {
			isa = PBXNativeTarget;
			buildConfigurationList = 3E37D69B1AE757E10066B5D3 /* Build configuration list for PBXNativeTarget "WrapCPPTests" */;
			buildPhases = (
				3E37D68A1AE757E10066B5D3 /* Sources */,
				3E37D68B1AE757E10066B5D3 /* Frameworks */,
				3E37D68C1AE757E10066B5D3 /* Resources */,
			);
			buildRules = (
			);
			dependencies = (
				3E37D6901AE757E10066B5D3 /* PBXTargetDependency */,
			);
			name = WrapCPPTests;
			productName = WrapCPPTests;
			productReference = 3E37D68E1AE757E10066B5D3 /* WrapCPPTests.xctest */;
			productType = "com.apple.product-type.bundle.unit-test";
		};
/* End PBXNativeTarget section */

/* Begin PBXProject section */
		3E37D66D1AE757E10066B5D3 /* Project object */ = {
			isa = PBXProject;
			attributes = {
				LastUpgradeCheck = 0630;
				ORGANIZATIONNAME = "Algo Access Pte. Ltd.";
				TargetAttributes = {
					3E37D6741AE757E10066B5D3 = {
						CreatedOnToolsVersion = 6.3;
					};
					3E37D68D1AE757E10066B5D3 = {
						CreatedOnToolsVersion = 6.3;
						TestTargetID = 3E37D6741AE757E10066B5D3;
					};
				};
			};
			buildConfigurationList = 3E37D6701AE757E10066B5D3 /* Build configuration list for PBXProject "WrapCPP" */;
			compatibilityVersion = "Xcode 3.2";
			developmentRegion = English;
			hasScannedForEncodings = 0;
			knownRegions = (
				en,
				Base,
			);
			mainGroup = 3E37D66C1AE757E10066B5D3;
			productRefGroup = 3E37D6761AE757E10066B5D3 /* Products */;
			projectDirPath = "";
			projectRoot = "";
			targets = (
				3E37D6741AE757E10066B5D3 /* WrapCPP */,
				3E37D68D1AE757E10066B5D3 /* WrapCPPTests */,
			);
		};
/* End PBXProject section */

/* Begin PBXResourcesBuildPhase section */
		3E37D6731AE757E10066B5D3 /* Resources */ = {
			isa = PBXResourcesBuildPhase;
			buildActionMask = 2147483647;
			files = (
				3E37D6841AE757E10066B5D3 /* Main.storyboard in Resources */,
				3E37D6891AE757E10066B5D3 /* LaunchScreen.xib in Resources */,
				3E37D6861AE757E10066B5D3 /* Images.xcassets in Resources */,
			);
			runOnlyForDeploymentPostprocessing = 0;
		};
		3E37D68C1AE757E10066B5D3 /* Resources */ = {
			isa = PBXResourcesBuildPhase;
			buildActionMask = 2147483647;
			files = (
			);
			runOnlyForDeploymentPostprocessing = 0;
		};
/* End PBXResourcesBuildPhase section */

/* Begin PBXSourcesBuildPhase section */
		3E37D6711AE757E10066B5D3 /* Sources */ = {
			isa = PBXSourcesBuildPhase;
			buildActionMask = 2147483647;
			files = (
				3E37D6811AE757E10066B5D3 /* ViewController.m in Sources */,
				3E37D67E1AE757E10066B5D3 /* AppDelegate.m in Sources */,
				3E37D6B11AE885380066B5D3 /* CppWrapper.m in Sources */,
				3E37D67B1AE757E10066B5D3 /* main.m in Sources */,
				3E37D6B01AE885380066B5D3 /* Cpp.cpp in Sources */,
			);
			runOnlyForDeploymentPostprocessing = 0;
		};
		3E37D68A1AE757E10066B5D3 /* Sources */ = {
			isa = PBXSourcesBuildPhase;
			buildActionMask = 2147483647;
			files = (
				3E37D6951AE757E10066B5D3 /* WrapCPPTests.m in Sources */,
			);
			runOnlyForDeploymentPostprocessing = 0;
		};
/* End PBXSourcesBuildPhase section */

/* Begin PBXTargetDependency section */
		3E37D6901AE757E10066B5D3 /* PBXTargetDependency */ = {
			isa = PBXTargetDependency;
			target = 3E37D6741AE757E10066B5D3 /* WrapCPP */;
			targetProxy = 3E37D68F1AE757E10066B5D3 /* PBXContainerItemProxy */;
		};
/* End PBXTargetDependency section */

/* Begin PBXVariantGroup section */
		3E37D6821AE757E10066B5D3 /* Main.storyboard */ = {
			isa = PBXVariantGroup;
			children = (
				3E37D6831AE757E10066B5D3 /* Base */,
			);
			name = Main.storyboard;
			sourceTree = "<group>";
		};
		3E37D6871AE757E10066B5D3 /* LaunchScreen.xib */ = {
			isa = PBXVariantGroup;
			children = (
				3E37D6881AE757E10066B5D3 /* Base */,
			);
			name = LaunchScreen.xib;
			sourceTree = "<group>";
		};
/* End PBXVariantGroup section */

/* Begin XCBuildConfiguration section */
		3E37D6961AE757E10066B5D3 /* Debug */ = {
			isa = XCBuildConfiguration;
			buildSettings = {
				ALWAYS_SEARCH_USER_PATHS = NO;
				CLANG_CXX_LANGUAGE_STANDARD = "gnu++0x";
				CLANG_CXX_LIBRARY = "libc++";
				CLANG_ENABLE_MODULES = YES;
				CLANG_ENABLE_OBJC_ARC = YES;
				CLANG_WARN_BOOL_CONVERSION = YES;
				CLANG_WARN_CONSTANT_CONVERSION = YES;
				CLANG_WARN_DIRECT_OBJC_ISA_USAGE = YES_ERROR;
				CLANG_WARN_EMPTY_BODY = YES;
				CLANG_WARN_ENUM_CONVERSION = YES;
				CLANG_WARN_INT_CONVERSION = YES;
				CLANG_WARN_OBJC_ROOT_CLASS = YES_ERROR;
				CLANG_WARN_UNREACHABLE_CODE = YES;
				CLANG_WARN__DUPLICATE_METHOD_MATCH = YES;
				"CODE_SIGN_IDENTITY[sdk=iphoneos*]" = "iPhone Developer";
				COPY_PHASE_STRIP = NO;
				DEBUG_INFORMATION_FORMAT = "dwarf-with-dsym";
				ENABLE_STRICT_OBJC_MSGSEND = YES;
				GCC_C_LANGUAGE_STANDARD = gnu99;
				GCC_DYNAMIC_NO_PIC = NO;
				GCC_NO_COMMON_BLOCKS = YES;
				GCC_OPTIMIZATION_LEVEL = 0;
				GCC_PREPROCESSOR_DEFINITIONS = (
					"DEBUG=1",
					"$(inherited)",
				);
				GCC_SYMBOLS_PRIVATE_EXTERN = NO;
				GCC_WARN_64_TO_32_BIT_CONVERSION = YES;
				GCC_WARN_ABOUT_RETURN_TYPE = YES_ERROR;
				GCC_WARN_UNDECLARED_SELECTOR = YES;
				GCC_WARN_UNINITIALIZED_AUTOS = YES_AGGRESSIVE;
				GCC_WARN_UNUSED_FUNCTION = YES;
				GCC_WARN_UNUSED_VARIABLE = YES;
				IPHONEOS_DEPLOYMENT_TARGET = 8.3;
				MTL_ENABLE_DEBUG_INFO = YES;
				ONLY_ACTIVE_ARCH = YES;
				SDKROOT = iphoneos;
				TARGETED_DEVICE_FAMILY = "1,2";
			};
			name = Debug;
		};
		3E37D6971AE757E10066B5D3 /* Release */ = {
			isa = XCBuildConfiguration;
			buildSettings = {
				ALWAYS_SEARCH_USER_PATHS = NO;
				CLANG_CXX_LANGUAGE_STANDARD = "gnu++0x";
				CLANG_CXX_LIBRARY = "libc++";
				CLANG_ENABLE_MODULES = YES;
				CLANG_ENABLE_OBJC_ARC = YES;
				CLANG_WARN_BOOL_CONVERSION = YES;
				CLANG_WARN_CONSTANT_CONVERSION = YES;
				CLANG_WARN_DIRECT_OBJC_ISA_USAGE = YES_ERROR;
				CLANG_WARN_EMPTY_BODY = YES;
				CLANG_WARN_ENUM_CONVERSION = YES;
				CLANG_WARN_INT_CONVERSION = YES;
				CLANG_WARN_OBJC_ROOT_CLASS = YES_ERROR;
				CLANG_WARN_UNREACHABLE_CODE = YES;
				CLANG_WARN__DUPLICATE_METHOD_MATCH = YES;
				"CODE_SIGN_IDENTITY[sdk=iphoneos*]" = "iPhone Developer";
				COPY_PHASE_STRIP = NO;
				DEBUG_INFORMATION_FORMAT = "dwarf-with-dsym";
				ENABLE_NS_ASSERTIONS = NO;
				ENABLE_STRICT_OBJC_MSGSEND = YES;
				GCC_C_LANGUAGE_STANDARD = gnu99;
				GCC_NO_COMMON_BLOCKS = YES;
				GCC_WARN_64_TO_32_BIT_CONVERSION = YES;
				GCC_WARN_ABOUT_RETURN_TYPE = YES_ERROR;
				GCC_WARN_UNDECLARED_SELECTOR = YES;
				GCC_WARN_UNINITIALIZED_AUTOS = YES_AGGRESSIVE;
				GCC_WARN_UNUSED_FUNCTION = YES;
				GCC_WARN_UNUSED_VARIABLE = YES;
				IPHONEOS_DEPLOYMENT_TARGET = 8.3;
				MTL_ENABLE_DEBUG_INFO = NO;
				SDKROOT = iphoneos;
				TARGETED_DEVICE_FAMILY = "1,2";
				VALIDATE_PRODUCT = YES;
			};
			name = Release;
		};
		3E37D6991AE757E10066B5D3 /* Debug */ = {
			isa = XCBuildConfiguration;
			buildSettings = {
				ASSETCATALOG_COMPILER_APPICON_NAME = AppIcon;
				INFOPLIST_FILE = WrapCPP/Info.plist;
				LD_RUNPATH_SEARCH_PATHS = "$(inherited) @executable_path/Frameworks";
				PRODUCT_NAME = "$(TARGET_NAME)";
			};
			name = Debug;
		};
		3E37D69A1AE757E10066B5D3 /* Release */ = {
			isa = XCBuildConfiguration;
			buildSettings = {
				ASSETCATALOG_COMPILER_APPICON_NAME = AppIcon;
				INFOPLIST_FILE = WrapCPP/Info.plist;
				LD_RUNPATH_SEARCH_PATHS = "$(inherited) @executable_path/Frameworks";
				PRODUCT_NAME = "$(TARGET_NAME)";
			};
			name = Release;
		};
		3E37D69C1AE757E10066B5D3 /* Debug */ = {
			isa = XCBuildConfiguration;
			buildSettings = {
				BUNDLE_LOADER = "$(TEST_HOST)";
				FRAMEWORK_SEARCH_PATHS = (
					"$(SDKROOT)/Developer/Library/Frameworks",
					"$(inherited)",
				);
				GCC_PREPROCESSOR_DEFINITIONS = (
					"DEBUG=1",
					"$(inherited)",
				);
				INFOPLIST_FILE = WrapCPPTests/Info.plist;
				LD_RUNPATH_SEARCH_PATHS = "$(inherited) @executable_path/Frameworks @loader_path/Frameworks";
				PRODUCT_NAME = "$(TARGET_NAME)";
				TEST_HOST = "$(BUILT_PRODUCTS_DIR)/WrapCPP.app/WrapCPP";
			};
			name = Debug;
		};
		3E37D69D1AE757E10066B5D3 /* Release */ = {
			isa = XCBuildConfiguration;
			buildSettings = {
				BUNDLE_LOADER = "$(TEST_HOST)";
				FRAMEWORK_SEARCH_PATHS = (
					"$(SDKROOT)/Developer/Library/Frameworks",
					"$(inherited)",
				);
				INFOPLIST_FILE = WrapCPPTests/Info.plist;
				LD_RUNPATH_SEARCH_PATHS = "$(inherited) @executable_path/Frameworks @loader_path/Frameworks";
				PRODUCT_NAME = "$(TARGET_NAME)";
				TEST_HOST = "$(BUILT_PRODUCTS_DIR)/WrapCPP.app/WrapCPP";
			};
			name = Release;
		};
/* End XCBuildConfiguration section */

/* Begin XCConfigurationList section */
		3E37D6701AE757E10066B5D3 /* Build configuration list for PBXProject "WrapCPP" */ = {
			isa = XCConfigurationList;
			buildConfigurations = (
				3E37D6961AE757E10066B5D3 /* Debug */,
				3E37D6971AE757E10066B5D3 /* Release */,
			);
			defaultConfigurationIsVisible = 0;
			defaultConfigurationName = Release;
		};
		3E37D6981AE757E10066B5D3 /* Build configuration list for PBXNativeTarget "WrapCPP" */ = {
			isa = XCConfigurationList;
			buildConfigurations = (
				3E37D6991AE757E10066B5D3 /* Debug */,
				3E37D69A1AE757E10066B5D3 /* Release */,
			);
			defaultConfigurationIsVisible = 0;
			defaultConfigurationName = Release;
		};
		3E37D69B1AE757E10066B5D3 /* Build configuration list for PBXNativeTarget "WrapCPPTests" */ = {
			isa = XCConfigurationList;
			buildConfigurations = (
				3E37D69C1AE757E10066B5D3 /* Debug */,
				3E37D69D1AE757E10066B5D3 /* Release */,
			);
			defaultConfigurationIsVisible = 0;
			defaultConfigurationName = Release;
		};
/* End XCConfigurationList section */
	};
	rootObject = 3E37D66D1AE757E10066B5D3 /* Project object */;
}
